
Microsoft Visual Studio Solution File, Format Version 12.00
# Visual Studio Version 16
VisualStudioVersion = 16.0.31005.135
MinimumVisualStudioVersion = 10.0.40219.1
Project("{FAE04EC0-301F-11D3-BF4B-00C04F79EFBC}") = "AtlasCopco.Integration.Maze", "AtlasCopco.Integration.Maze.csproj", "{D64D2944-490E-45E0-BD9D-02DFD44E74FF}"
EndProject
Project("{FAE04EC0-301F-11D3-BF4B-00C04F79EFBC}") = "AtlasCopco.Maze.VerySimpleMaze", "..\AtlasCopco.Maze.VerySimpleMaze\AtlasCopco.Maze.VerySimpleMaze.csproj", "{761B6306-B1D7-4873-BADD-8A7BCF885317}"
EndProject
Global
	GlobalSection(SolutionConfigurationPlatforms) = preSolution
		Debug|Any CPU = Debug|Any CPU
		Release|Any CPU = Release|Any CPU
	EndGlobalSection
	GlobalSection(ProjectConfigurationPlatforms) = postSolution
		{D64D2944-490E-45E0-BD9D-02DFD44E74FF}.Debug|Any CPU.ActiveCfg = Debug|Any CPU
		{D64D2944-490E-45E0-BD9D-02DFD44E74FF}.Debug|Any CPU.Build.0 = Debug|Any CPU
		{D64D2944-490E-45E0-BD9D-02DFD44E74FF}.Release|Any CPU.ActiveCfg = Release|Any CPU
		{D64D2944-490E-45E0-BD9D-02DFD44E74FF}.Release|Any CPU.Build.0 = Release|Any CPU
		{761B6306-B1D7-4873-BADD-8A7BCF885317}.Debug|Any CPU.ActiveCfg = Debug|Any CPU
		{761B6306-B1D7-4873-BADD-8A7BCF885317}.Debug|Any CPU.Build.0 = Debug|Any CPU
		{761B6306-B1D7-4873-BADD-8A7BCF885317}.Release|Any CPU.ActiveCfg = Release|Any CPU
		{761B6306-B1D7-4873-BADD-8A7BCF885317}.Release|Any CPU.Build.0 = Release|Any CPU
	EndGlobalSection
	GlobalSection(SolutionProperties) = preSolution
		HideSolutionNode = FALSE
	EndGlobalSection
	GlobalSection(ExtensibilityGlobals) = postSolution
		SolutionGuid = {0416EB4F-0B6A-438B-87C0-9C3A5F5BCA24}
	EndGlobalSection
EndGlobal
